{
  "lockfileVersion": 1,
  "workspaces": {
    "": {
      "name": "stylus-md-markup",
      "dependencies": {
        "hono": "^4.6.14",
      },
    },
  },
  "packages": {
    "hono": ["hono@4.12.27", "", {}, "sha512-1yrb/+w6HWQJrUCLkJ2IF5jNIPvvFkblV5RNOYl6bV+OA6p9GLcMpHFFGTosSvHvcAUibuUukRqhlYI4z32C7Q=="],
  }
}
